// !$*UTF8*$!
{
	archiveVersion = 1;
	classes = {
	};
	objectVersion = 55;
	objects = {

/* Begin PBXBuildFile section */
		429657EF28D4F97500897FC5 /* Foods.swift in Sources */ = {isa = PBXBuildFile; fileRef = 429657EE28D4F97500897FC5 /* Foods.swift */; };
		429657F028D4F97500897FC5 /* Foods.swift in Sources */ = {isa = PBXBuildFile; fileRef = 429657EE28D4F97500897FC5 /* Foods.swift */; };
		429657F228D4F97C00897FC5 /* ModelData.swift in Sources */ = {isa = PBXBuildFile; fileRef = 429657F128D4F97C00897FC5 /* ModelData.swift */; };
		429657F328D4F97C00897FC5 /* ModelData.swift in Sources */ = {isa = PBXBuildFile; fileRef = 429657F128D4F97C00897FC5 /* ModelData.swift */; };
		429657F528D4F98C00897FC5 /* ColorConstants.swift in Sources */ = {isa = PBXBuildFile; fileRef = 429657F428D4F98C00897FC5 /* ColorConstants.swift */; };
		429657F628D4F98C00897FC5 /* ColorConstants.swift in Sources */ = {isa = PBXBuildFile; fileRef = 429657F428D4F98C00897FC5 /* ColorConstants.swift */; };
		429657F828D4F9A100897FC5 /* FoodDetail.swift in Sources */ = {isa = PBXBuildFile; fileRef = 429657F728D4F9A100897FC5 /* FoodDetail.swift */; };
		429657F928D4F9A100897FC5 /* FoodDetail.swift in Sources */ = {isa = PBXBuildFile; fileRef = 429657F728D4F9A100897FC5 /* FoodDetail.swift */; };
		429657FB28D4F9A500897FC5 /* CircleImage.swift in Sources */ = {isa = PBXBuildFile; fileRef = 429657FA28D4F9A500897FC5 /* CircleImage.swift */; };
		429657FC28D4F9A500897FC5 /* CircleImage.swift in Sources */ = {isa = PBXBuildFile; fileRef = 429657FA28D4F9A500897FC5 /* CircleImage.swift */; };
		89C6090428D077F900C10AA9 /* ListViewModel.swift in Sources */ = {isa = PBXBuildFile; fileRef = 89C6090328D077F900C10AA9 /* ListViewModel.swift */; };
		89C6090628D07F1400C10AA9 /* AppBarView.swift in Sources */ = {isa = PBXBuildFile; fileRef = 89C6090528D07F1400C10AA9 /* AppBarView.swift */; };
		89C6090828D07F4800C10AA9 /* Extensions.swift in Sources */ = {isa = PBXBuildFile; fileRef = 89C6090728D07F4800C10AA9 /* Extensions.swift */; };
		89C6090A28D07FB600C10AA9 /* StoreView.swift in Sources */ = {isa = PBXBuildFile; fileRef = 89C6090928D07FB600C10AA9 /* StoreView.swift */; };
		89C6090C28D0827900C10AA9 /* ListView.swift in Sources */ = {isa = PBXBuildFile; fileRef = 89C6090B28D0827900C10AA9 /* ListView.swift */; };
		89C6090F28D0839D00C10AA9 /* ContentView.swift in Sources */ = {isa = PBXBuildFile; fileRef = 89C6090E28D0839D00C10AA9 /* ContentView.swift */; };
		89EE8FF728CF7C9700F58241 /* Store.swift in Sources */ = {isa = PBXBuildFile; fileRef = 89EE8FF628CF7C9700F58241 /* Store.swift */; };
		B3A9D23A28CEDBC200386F2E /* YesFoodApp.swift in Sources */ = {isa = PBXBuildFile; fileRef = B3A9D22A28CEDBC100386F2E /* YesFoodApp.swift */; };
		B3A9D23B28CEDBC200386F2E /* YesFoodApp.swift in Sources */ = {isa = PBXBuildFile; fileRef = B3A9D22A28CEDBC100386F2E /* YesFoodApp.swift */; };
		B3A9D23E28CEDBC200386F2E /* Assets.xcassets in Resources */ = {isa = PBXBuildFile; fileRef = B3A9D22C28CEDBC200386F2E /* Assets.xcassets */; };
		B3A9D23F28CEDBC200386F2E /* Assets.xcassets in Resources */ = {isa = PBXBuildFile; fileRef = B3A9D22C28CEDBC200386F2E /* Assets.xcassets */; };
		B3A9D24A28CEDD5100386F2E /* foods.json in Resources */ = {isa = PBXBuildFile; fileRef = B3A9D24928CEDD5100386F2E /* foods.json */; };
		B3A9D24B28CEDD5100386F2E /* foods.json in Resources */ = {isa = PBXBuildFile; fileRef = B3A9D24928CEDD5100386F2E /* foods.json */; };
		B3A9D24D28CEDDA200386F2E /* stores.json in Resources */ = {isa = PBXBuildFile; fileRef = B3A9D24C28CEDDA200386F2E /* stores.json */; };
		B3A9D24E28CEDDA200386F2E /* stores.json in Resources */ = {isa = PBXBuildFile; fileRef = B3A9D24C28CEDDA200386F2E /* stores.json */; };
/* End PBXBuildFile section */

/* Begin PBXFileReference section */
		429657EE28D4F97500897FC5 /* Foods.swift */ = {isa = PBXFileReference; fileEncoding = 4; lastKnownFileType = sourcecode.swift; path = Foods.swift; sourceTree = "<group>"; };
		429657F128D4F97C00897FC5 /* ModelData.swift */ = {isa = PBXFileReference; fileEncoding = 4; lastKnownFileType = sourcecode.swift; path = ModelData.swift; sourceTree = "<group>"; };
		429657F428D4F98C00897FC5 /* ColorConstants.swift */ = {isa = PBXFileReference; fileEncoding = 4; lastKnownFileType = sourcecode.swift; path = ColorConstants.swift; sourceTree = "<group>"; };
		429657F728D4F9A100897FC5 /* FoodDetail.swift */ = {isa = PBXFileReference; fileEncoding = 4; lastKnownFileType = sourcecode.swift; path = FoodDetail.swift; sourceTree = "<group>"; };
		429657FA28D4F9A500897FC5 /* CircleImage.swift */ = {isa = PBXFileReference; fileEncoding = 4; lastKnownFileType = sourcecode.swift; path = CircleImage.swift; sourceTree = "<group>"; };
		89C6090328D077F900C10AA9 /* ListViewModel.swift */ = {isa = PBXFileReference; lastKnownFileType = sourcecode.swift; path = ListViewModel.swift; sourceTree = "<group>"; };
		89C6090528D07F1400C10AA9 /* AppBarView.swift */ = {isa = PBXFileReference; lastKnownFileType = sourcecode.swift; path = AppBarView.swift; sourceTree = "<group>"; };
		89C6090728D07F4800C10AA9 /* Extensions.swift */ = {isa = PBXFileReference; lastKnownFileType = sourcecode.swift; path = Extensions.swift; sourceTree = "<group>"; };
		89C6090928D07FB600C10AA9 /* StoreView.swift */ = {isa = PBXFileReference; lastKnownFileType = sourcecode.swift; path = StoreView.swift; sourceTree = "<group>"; };
		89C6090B28D0827900C10AA9 /* ListView.swift */ = {isa = PBXFileReference; lastKnownFileType = sourcecode.swift; path = ListView.swift; sourceTree = "<group>"; };
		89C6090E28D0839D00C10AA9 /* ContentView.swift */ = {isa = PBXFileReference; lastKnownFileType = sourcecode.swift; path = ContentView.swift; sourceTree = "<group>"; };
		89EE8FF628CF7C9700F58241 /* Store.swift */ = {isa = PBXFileReference; lastKnownFileType = sourcecode.swift; path = Store.swift; sourceTree = "<group>"; };
		B3A9D22A28CEDBC100386F2E /* YesFoodApp.swift */ = {isa = PBXFileReference; lastKnownFileType = sourcecode.swift; path = YesFoodApp.swift; sourceTree = "<group>"; };
		B3A9D22C28CEDBC200386F2E /* Assets.xcassets */ = {isa = PBXFileReference; lastKnownFileType = folder.assetcatalog; path = Assets.xcassets; sourceTree = "<group>"; };
		B3A9D23128CEDBC200386F2E /* YesFood.app */ = {isa = PBXFileReference; explicitFileType = wrapper.application; includeInIndex = 0; path = YesFood.app; sourceTree = BUILT_PRODUCTS_DIR; };
		B3A9D23728CEDBC200386F2E /* YesFood.app */ = {isa = PBXFileReference; explicitFileType = wrapper.application; includeInIndex = 0; path = YesFood.app; sourceTree = BUILT_PRODUCTS_DIR; };
		B3A9D24928CEDD5100386F2E /* foods.json */ = {isa = PBXFileReference; fileEncoding = 4; lastKnownFileType = text.json; path = foods.json; sourceTree = "<group>"; };
		B3A9D24C28CEDDA200386F2E /* stores.json */ = {isa = PBXFileReference; lastKnownFileType = text.json; path = stores.json; sourceTree = "<group>"; };
/* End PBXFileReference section */

/* Begin PBXFrameworksBuildPhase section */
		B3A9D22E28CEDBC200386F2E /* Frameworks */ = {
			isa = PBXFrameworksBuildPhase;
			buildActionMask = 2147483647;
			files = (
			);
			runOnlyForDeploymentPostprocessing = 0;
		};
		B3A9D23428CEDBC200386F2E /* Frameworks */ = {
			isa = PBXFrameworksBuildPhase;
			buildActionMask = 2147483647;
			files = (
			);
			runOnlyForDeploymentPostprocessing = 0;
		};
/* End PBXFrameworksBuildPhase section */

/* Begin PBXGroup section */
		89C608FE28D074CA00C10AA9 /* View */ = {
			isa = PBXGroup;
			children = (
				89C6090E28D0839D00C10AA9 /* ContentView.swift */,
				89C6090528D07F1400C10AA9 /* AppBarView.swift */,
				89C6090928D07FB600C10AA9 /* StoreView.swift */,
				429657FA28D4F9A500897FC5 /* CircleImage.swift */,
				429657F728D4F9A100897FC5 /* FoodDetail.swift */,
				89C6090B28D0827900C10AA9 /* ListView.swift */,
			);
			path = View;
			sourceTree = "<group>";
		};
		89EE8FD528CF319700F58241 /* Supporting Files  */ = {
			isa = PBXGroup;
			children = (
			);
			path = "Supporting Files ";
			sourceTree = "<group>";
		};
		89EE8FF528CF7C8500F58241 /* Model */ = {
			isa = PBXGroup;
			children = (
				B3A9D24C28CEDDA200386F2E /* stores.json */,
				B3A9D24928CEDD5100386F2E /* foods.json */,
				89EE8FF628CF7C9700F58241 /* Store.swift */,
				429657EE28D4F97500897FC5 /* Foods.swift */,
				429657F128D4F97C00897FC5 /* ModelData.swift */,
				429657F428D4F98C00897FC5 /* ColorConstants.swift */,
			);
			path = Model;
			sourceTree = "<group>";
		};
		89EE8FFC28D020D700F58241 /* ViewModel */ = {
			isa = PBXGroup;
			children = (
				89C6090328D077F900C10AA9 /* ListViewModel.swift */,
			);
			path = ViewModel;
			sourceTree = "<group>";
		};
		B3A9D22428CEDBC100386F2E = {
			isa = PBXGroup;
			children = (
				B3A9D22928CEDBC100386F2E /* Shared */,
				B3A9D23228CEDBC200386F2E /* Products */,
			);
			sourceTree = "<group>";
		};
		B3A9D22928CEDBC100386F2E /* Shared */ = {
			isa = PBXGroup;
			children = (
				89C608FE28D074CA00C10AA9 /* View */,
				89EE8FFC28D020D700F58241 /* ViewModel */,
				89EE8FF528CF7C8500F58241 /* Model */,
				B3A9D22A28CEDBC100386F2E /* YesFoodApp.swift */,
				B3A9D22C28CEDBC200386F2E /* Assets.xcassets */,
				89EE8FD528CF319700F58241 /* Supporting Files  */,
				89C6090728D07F4800C10AA9 /* Extensions.swift */,
			);
			path = Shared;
			sourceTree = "<group>";
		};
		B3A9D23228CEDBC200386F2E /* Products */ = {
			isa = PBXGroup;
			children = (
				B3A9D23128CEDBC200386F2E /* YesFood.app */,
				B3A9D23728CEDBC200386F2E /* YesFood.app */,
			);
			name = Products;
			sourceTree = "<group>";
		};
/* End PBXGroup section */

/* Begin PBXNativeTarget section */
		B3A9D23028CEDBC200386F2E /* YesFood (iOS) */ = {
			isa = PBXNativeTarget;
			buildConfigurationList = B3A9D24228CEDBC200386F2E /* Build configuration list for PBXNativeTarget "YesFood (iOS)" */;
			buildPhases = (
				B3A9D22D28CEDBC200386F2E /* Sources */,
				B3A9D22E28CEDBC200386F2E /* Frameworks */,
				B3A9D22F28CEDBC200386F2E /* Resources */,
			);
			buildRules = (
			);
			dependencies = (
			);
			name = "YesFood (iOS)";
			productName = "YesFood (iOS)";
			productReference = B3A9D23128CEDBC200386F2E /* YesFood.app */;
			productType = "com.apple.product-type.application";
		};
		B3A9D23628CEDBC200386F2E /* YesFood (macOS) */ = {
			isa = PBXNativeTarget;
			buildConfigurationList = B3A9D24528CEDBC200386F2E /* Build configuration list for PBXNativeTarget "YesFood (macOS)" */;
			buildPhases = (
				B3A9D23328CEDBC200386F2E /* Sources */,
				B3A9D23428CEDBC200386F2E /* Frameworks */,
				B3A9D23528CEDBC200386F2E /* Resources */,
			);
			buildRules = (
			);
			dependencies = (
			);
			name = "YesFood (macOS)";
			productName = "YesFood (macOS)";
			productReference = B3A9D23728CEDBC200386F2E /* YesFood.app */;
			productType = "com.apple.product-type.application";
		};
/* End PBXNativeTarget section */

/* Begin PBXProject section */
		B3A9D22528CEDBC100386F2E /* Project object */ = {
			isa = PBXProject;
			attributes = {
				BuildIndependentTargetsInParallel = 1;
				LastSwiftUpdateCheck = 1340;
				LastUpgradeCheck = 1340;
				TargetAttributes = {
					B3A9D23028CEDBC200386F2E = {
						CreatedOnToolsVersion = 13.4.1;
					};
					B3A9D23628CEDBC200386F2E = {
						CreatedOnToolsVersion = 13.4.1;
					};
				};
			};
			buildConfigurationList = B3A9D22828CEDBC100386F2E /* Build configuration list for PBXProject "YesFood" */;
			compatibilityVersion = "Xcode 13.0";
			developmentRegion = en;
			hasScannedForEncodings = 0;
			knownRegions = (
				en,
				Base,
			);
			mainGroup = B3A9D22428CEDBC100386F2E;
			productRefGroup = B3A9D23228CEDBC200386F2E /* Products */;
			projectDirPath = "";
			projectRoot = "";
			targets = (
				B3A9D23028CEDBC200386F2E /* YesFood (iOS) */,
				B3A9D23628CEDBC200386F2E /* YesFood (macOS) */,
			);
		};
/* End PBXProject section */

/* Begin PBXResourcesBuildPhase section */
		B3A9D22F28CEDBC200386F2E /* Resources */ = {
			isa = PBXResourcesBuildPhase;
			buildActionMask = 2147483647;
			files = (
				B3A9D23E28CEDBC200386F2E /* Assets.xcassets in Resources */,
				B3A9D24D28CEDDA200386F2E /* stores.json in Resources */,
				B3A9D24A28CEDD5100386F2E /* foods.json in Resources */,
			);
			runOnlyForDeploymentPostprocessing = 0;
		};
		B3A9D23528CEDBC200386F2E /* Resources */ = {
			isa = PBXResourcesBuildPhase;
			buildActionMask = 2147483647;
			files = (
				B3A9D23F28CEDBC200386F2E /* Assets.xcassets in Resources */,
				B3A9D24E28CEDDA200386F2E /* stores.json in Resources */,
				B3A9D24B28CEDD5100386F2E /* foods.json in Resources */,
			);
			runOnlyForDeploymentPostprocessing = 0;
		};
/* End PBXResourcesBuildPhase section */

/* Begin PBXSourcesBuildPhase section */
		B3A9D22D28CEDBC200386F2E /* Sources */ = {
			isa = PBXSourcesBuildPhase;
			buildActionMask = 2147483647;
			files = (
				89C6090828D07F4800C10AA9 /* Extensions.swift in Sources */,
				89C6090628D07F1400C10AA9 /* AppBarView.swift in Sources */,
				429657F828D4F9A100897FC5 /* FoodDetail.swift in Sources */,
				429657FB28D4F9A500897FC5 /* CircleImage.swift in Sources */,
				89C6090F28D0839D00C10AA9 /* ContentView.swift in Sources */,
				B3A9D23A28CEDBC200386F2E /* YesFoodApp.swift in Sources */,
				429657F528D4F98C00897FC5 /* ColorConstants.swift in Sources */,
				89C6090C28D0827900C10AA9 /* ListView.swift in Sources */,
				89C6090428D077F900C10AA9 /* ListViewModel.swift in Sources */,
				429657EF28D4F97500897FC5 /* Foods.swift in Sources */,
				429657F228D4F97C00897FC5 /* ModelData.swift in Sources */,
				89C6090A28D07FB600C10AA9 /* StoreView.swift in Sources */,
				89EE8FF728CF7C9700F58241 /* Store.swift in Sources */,
			);
			runOnlyForDeploymentPostprocessing = 0;
		};
		B3A9D23328CEDBC200386F2E /* Sources */ = {
			isa = PBXSourcesBuildPhase;
			buildActionMask = 2147483647;
			files = (
				B3A9D23B28CEDBC200386F2E /* YesFoodApp.swift in Sources */,
				429657F028D4F97500897FC5 /* Foods.swift in Sources */,
				429657F928D4F9A100897FC5 /* FoodDetail.swift in Sources */,
				429657F328D4F97C00897FC5 /* ModelData.swift in Sources */,
				429657F628D4F98C00897FC5 /* ColorConstants.swift in Sources */,
				429657FC28D4F9A500897FC5 /* CircleImage.swift in Sources */,
			);
			runOnlyForDeploymentPostprocessing = 0;
		};
/* End PBXSourcesBuildPhase section */

/* Begin XCBuildConfiguration section */
		B3A9D24028CEDBC200386F2E /* Debug */ = {
			isa = XCBuildConfiguration;
			buildSettings = {
				ALWAYS_SEARCH_USER_PATHS = NO;
				CLANG_ANALYZER_NONNULL = YES;
				CLANG_ANALYZER_NUMBER_OBJECT_CONVERSION = YES_AGGRESSIVE;
				CLANG_CXX_LANGUAGE_STANDARD = "gnu++17";
				CLANG_ENABLE_MODULES = YES;
				CLANG_ENABLE_OBJC_ARC = YES;
				CLANG_ENABLE_OBJC_WEAK = YES;
				CLANG_WARN_BLOCK_CAPTURE_AUTORELEASING = YES;
				CLANG_WARN_BOOL_CONVERSION = YES;
				CLANG_WARN_COMMA = YES;
				CLANG_WARN_CONSTANT_CONVERSION = YES;
				CLANG_WARN_DEPRECATED_OBJC_IMPLEMENTATIONS = YES;
				CLANG_WARN_DIRECT_OBJC_ISA_USAGE = YES_ERROR;
				CLANG_WARN_DOCUMENTATION_COMMENTS = YES;
				CLANG_WARN_EMPTY_BODY = YES;
				CLANG_WARN_ENUM_CONVERSION = YES;
				CLANG_WARN_INFINITE_RECURSION = YES;
				CLANG_WARN_INT_CONVERSION = YES;
				CLANG_WARN_NON_LITERAL_NULL_CONVERSION = YES;
				CLANG_WARN_OBJC_IMPLICIT_RETAIN_SELF = YES;
				CLANG_WARN_OBJC_LITERAL_CONVERSION = YES;
				CLANG_WARN_OBJC_ROOT_CLASS = YES_ERROR;
				CLANG_WARN_QUOTED_INCLUDE_IN_FRAMEWORK_HEADER = YES;
				CLANG_WARN_RANGE_LOOP_ANALYSIS = YES;
				CLANG_WARN_STRICT_PROTOTYPES = YES;
				CLANG_WARN_SUSPICIOUS_MOVE = YES;
				CLANG_WARN_UNGUARDED_AVAILABILITY = YES_AGGRESSIVE;
				CLANG_WARN_UNREACHABLE_CODE = YES;
				CLANG_WARN__DUPLICATE_METHOD_MATCH = YES;
				COPY_PHASE_STRIP = NO;
				DEBUG_INFORMATION_FORMAT = dwarf;
				ENABLE_STRICT_OBJC_MSGSEND = YES;
				ENABLE_TESTABILITY = YES;
				GCC_C_LANGUAGE_STANDARD = gnu11;
				GCC_DYNAMIC_NO_PIC = NO;
				GCC_NO_COMMON_BLOCKS = YES;
				GCC_OPTIMIZATION_LEVEL = 0;
				GCC_PREPROCESSOR_DEFINITIONS = (
					"DEBUG=1",
					"$(inherited)",
				);
				GCC_WARN_64_TO_32_BIT_CONVERSION = YES;
				GCC_WARN_ABOUT_RETURN_TYPE = YES_ERROR;
				GCC_WARN_UNDECLARED_SELECTOR = YES;
				GCC_WARN_UNINITIALIZED_AUTOS = YES_AGGRESSIVE;
				GCC_WARN_UNUSED_FUNCTION = YES;
				GCC_WARN_UNUSED_VARIABLE = YES;
				MTL_ENABLE_DEBUG_INFO = INCLUDE_SOURCE;
				MTL_FAST_MATH = YES;
				ONLY_ACTIVE_ARCH = YES;
				SWIFT_ACTIVE_COMPILATION_CONDITIONS = DEBUG;
				SWIFT_OPTIMIZATION_LEVEL = "-Onone";
			};
			name = Debug;
		};
		B3A9D24128CEDBC200386F2E /* Release */ = {
			isa = XCBuildConfiguration;
			buildSettings = {
				ALWAYS_SEARCH_USER_PATHS = NO;
				CLANG_ANALYZER_NONNULL = YES;
				CLANG_ANALYZER_NUMBER_OBJECT_CONVERSION = YES_AGGRESSIVE;
				CLANG_CXX_LANGUAGE_STANDARD = "gnu++17";
				CLANG_ENABLE_MODULES = YES;
				CLANG_ENABLE_OBJC_ARC = YES;
				CLANG_ENABLE_OBJC_WEAK = YES;
				CLANG_WARN_BLOCK_CAPTURE_AUTORELEASING = YES;
				CLANG_WARN_BOOL_CONVERSION = YES;
				CLANG_WARN_COMMA = YES;
				CLANG_WARN_CONSTANT_CONVERSION = YES;
				CLANG_WARN_DEPRECATED_OBJC_IMPLEMENTATIONS = YES;
				CLANG_WARN_DIRECT_OBJC_ISA_USAGE = YES_ERROR;
				CLANG_WARN_DOCUMENTATION_COMMENTS = YES;
				CLANG_WARN_EMPTY_BODY = YES;
				CLANG_WARN_ENUM_CONVERSION = YES;
				CLANG_WARN_INFINITE_RECURSION = YES;
				CLANG_WARN_INT_CONVERSION = YES;
				CLANG_WARN_NON_LITERAL_NULL_CONVERSION = YES;
				CLANG_WARN_OBJC_IMPLICIT_RETAIN_SELF = YES;
				CLANG_WARN_OBJC_LITERAL_CONVERSION = YES;
				CLANG_WARN_OBJC_ROOT_CLASS = YES_ERROR;
				CLANG_WARN_QUOTED_INCLUDE_IN_FRAMEWORK_HEADER = YES;
				CLANG_WARN_RANGE_LOOP_ANALYSIS = YES;
				CLANG_WARN_STRICT_PROTOTYPES = YES;
				CLANG_WARN_SUSPICIOUS_MOVE = YES;
				CLANG_WARN_UNGUARDED_AVAILABILITY = YES_AGGRESSIVE;
				CLANG_WARN_UNREACHABLE_CODE = YES;
				CLANG_WARN__DUPLICATE_METHOD_MATCH = YES;
				COPY_PHASE_STRIP = NO;
				DEBUG_INFORMATION_FORMAT = "dwarf-with-dsym";
				ENABLE_NS_ASSERTIONS = NO;
				ENABLE_STRICT_OBJC_MSGSEND = YES;
				GCC_C_LANGUAGE_STANDARD = gnu11;
				GCC_NO_COMMON_BLOCKS = YES;
				GCC_WARN_64_TO_32_BIT_CONVERSION = YES;
				GCC_WARN_ABOUT_RETURN_TYPE = YES_ERROR;
				GCC_WARN_UNDECLARED_SELECTOR = YES;
				GCC_WARN_UNINITIALIZED_AUTOS = YES_AGGRESSIVE;
				GCC_WARN_UNUSED_FUNCTION = YES;
				GCC_WARN_UNUSED_VARIABLE = YES;
				MTL_ENABLE_DEBUG_INFO = NO;
				MTL_FAST_MATH = YES;
				SWIFT_COMPILATION_MODE = wholemodule;
				SWIFT_OPTIMIZATION_LEVEL = "-O";
			};
			name = Release;
		};
		B3A9D24328CEDBC200386F2E /* Debug */ = {
			isa = XCBuildConfiguration;
			buildSettings = {
				ASSETCATALOG_COMPILER_APPICON_NAME = AppIcon;
				ASSETCATALOG_COMPILER_GLOBAL_ACCENT_COLOR_NAME = AccentColor;
				CODE_SIGN_STYLE = Automatic;
				CURRENT_PROJECT_VERSION = 1;
				DEVELOPMENT_TEAM = G6749QU5Y9;
				ENABLE_PREVIEWS = YES;
				GENERATE_INFOPLIST_FILE = YES;
				INFOPLIST_KEY_UIApplicationSceneManifest_Generation = YES;
				INFOPLIST_KEY_UIApplicationSupportsIndirectInputEvents = YES;
				INFOPLIST_KEY_UILaunchScreen_Generation = YES;
				INFOPLIST_KEY_UISupportedInterfaceOrientations_iPad = "UIInterfaceOrientationPortrait UIInterfaceOrientationPortraitUpsideDown UIInterfaceOrientationLandscapeLeft UIInterfaceOrientationLandscapeRight";
				INFOPLIST_KEY_UISupportedInterfaceOrientations_iPhone = "UIInterfaceOrientationPortrait UIInterfaceOrientationLandscapeLeft UIInterfaceOrientationLandscapeRight";
				IPHONEOS_DEPLOYMENT_TARGET = 15.5;
				LD_RUNPATH_SEARCH_PATHS = (
					"$(inherited)",
					"@executable_path/Frameworks",
				);
				MARKETING_VERSION = 1.0;
				PRODUCT_BUNDLE_IDENTIFIER = vn.rmit.edu.YesFood;
				PRODUCT_NAME = YesFood;
				SDKROOT = iphoneos;
				SWIFT_EMIT_LOC_STRINGS = YES;
				SWIFT_VERSION = 5.0;
				TARGETED_DEVICE_FAMILY = "1,2";
			};
			name = Debug;
		};
		B3A9D24428CEDBC200386F2E /* Release */ = {
			isa = XCBuildConfiguration;
			buildSettings = {
				ASSETCATALOG_COMPILER_APPICON_NAME = AppIcon;
				ASSETCATALOG_COMPILER_GLOBAL_ACCENT_COLOR_NAME = AccentColor;
				CODE_SIGN_STYLE = Automatic;
				CURRENT_PROJECT_VERSION = 1;
				DEVELOPMENT_TEAM = G6749QU5Y9;
				ENABLE_PREVIEWS = YES;
				GENERATE_INFOPLIST_FILE = YES;
				INFOPLIST_KEY_UIApplicationSceneManifest_Generation = YES;
				INFOPLIST_KEY_UIApplicationSupportsIndirectInputEvents = YES;
				INFOPLIST_KEY_UILaunchScreen_Generation = YES;
				INFOPLIST_KEY_UISupportedInterfaceOrientations_iPad = "UIInterfaceOrientationPortrait UIInterfaceOrientationPortraitUpsideDown UIInterfaceOrientationLandscapeLeft UIInterfaceOrientationLandscapeRight";
				INFOPLIST_KEY_UISupportedInterfaceOrientations_iPhone = "UIInterfaceOrientationPortrait UIInterfaceOrientationLandscapeLeft UIInterfaceOrientationLandscapeRight";
				IPHONEOS_DEPLOYMENT_TARGET = 15.5;
				LD_RUNPATH_SEARCH_PATHS = (
					"$(inherited)",
					"@executable_path/Frameworks",
				);
				MARKETING_VERSION = 1.0;
				PRODUCT_BUNDLE_IDENTIFIER = vn.rmit.edu.YesFood;
				PRODUCT_NAME = YesFood;
				SDKROOT = iphoneos;
				SWIFT_EMIT_LOC_STRINGS = YES;
				SWIFT_VERSION = 5.0;
				TARGETED_DEVICE_FAMILY = "1,2";
				VALIDATE_PRODUCT = YES;
			};
			name = Release;
		};
		B3A9D24628CEDBC200386F2E /* Debug */ = {
			isa = XCBuildConfiguration;
			buildSettings = {
				ASSETCATALOG_COMPILER_APPICON_NAME = AppIcon;
				ASSETCATALOG_COMPILER_GLOBAL_ACCENT_COLOR_NAME = AccentColor;
				CODE_SIGN_ENTITLEMENTS = macOS/macOS.entitlements;
				CODE_SIGN_STYLE = Automatic;
				COMBINE_HIDPI_IMAGES = YES;
				CURRENT_PROJECT_VERSION = 1;
				DEVELOPMENT_TEAM = G6749QU5Y9;
				ENABLE_HARDENED_RUNTIME = YES;
				ENABLE_PREVIEWS = YES;
				GENERATE_INFOPLIST_FILE = YES;
				INFOPLIST_KEY_NSHumanReadableCopyright = "";
				LD_RUNPATH_SEARCH_PATHS = (
					"$(inherited)",
					"@executable_path/../Frameworks",
				);
				MACOSX_DEPLOYMENT_TARGET = 12.3;
				MARKETING_VERSION = 1.0;
				PRODUCT_BUNDLE_IDENTIFIER = vn.rmit.edu.YesFood;
				PRODUCT_NAME = YesFood;
				SDKROOT = macosx;
				SWIFT_EMIT_LOC_STRINGS = YES;
				SWIFT_VERSION = 5.0;
			};
			name = Debug;
		};
		B3A9D24728CEDBC200386F2E /* Release */ = {
			isa = XCBuildConfiguration;
			buildSettings = {
				ASSETCATALOG_COMPILER_APPICON_NAME = AppIcon;
				ASSETCATALOG_COMPILER_GLOBAL_ACCENT_COLOR_NAME = AccentColor;
				CODE_SIGN_ENTITLEMENTS = macOS/macOS.entitlements;
				CODE_SIGN_STYLE = Automatic;
				COMBINE_HIDPI_IMAGES = YES;
				CURRENT_PROJECT_VERSION = 1;
				DEVELOPMENT_TEAM = G6749QU5Y9;
				ENABLE_HARDENED_RUNTIME = YES;
				ENABLE_PREVIEWS = YES;
				GENERATE_INFOPLIST_FILE = YES;
				INFOPLIST_KEY_NSHumanReadableCopyright = "";
				LD_RUNPATH_SEARCH_PATHS = (
					"$(inherited)",
					"@executable_path/../Frameworks",
				);
				MACOSX_DEPLOYMENT_TARGET = 12.3;
				MARKETING_VERSION = 1.0;
				PRODUCT_BUNDLE_IDENTIFIER = vn.rmit.edu.YesFood;
				PRODUCT_NAME = YesFood;
				SDKROOT = macosx;
				SWIFT_EMIT_LOC_STRINGS = YES;
				SWIFT_VERSION = 5.0;
			};
			name = Release;
		};
/* End XCBuildConfiguration section */

/* Begin XCConfigurationList section */
		B3A9D22828CEDBC100386F2E /* Build configuration list for PBXProject "YesFood" */ = {
			isa = XCConfigurationList;
			buildConfigurations = (
				B3A9D24028CEDBC200386F2E /* Debug */,
				B3A9D24128CEDBC200386F2E /* Release */,
			);
			defaultConfigurationIsVisible = 0;
			defaultConfigurationName = Release;
		};
		B3A9D24228CEDBC200386F2E /* Build configuration list for PBXNativeTarget "YesFood (iOS)" */ = {
			isa = XCConfigurationList;
			buildConfigurations = (
				B3A9D24328CEDBC200386F2E /* Debug */,
				B3A9D24428CEDBC200386F2E /* Release */,
			);
			defaultConfigurationIsVisible = 0;
			defaultConfigurationName = Release;
		};
		B3A9D24528CEDBC200386F2E /* Build configuration list for PBXNativeTarget "YesFood (macOS)" */ = {
			isa = XCConfigurationList;
			buildConfigurations = (
				B3A9D24628CEDBC200386F2E /* Debug */,
				B3A9D24728CEDBC200386F2E /* Release */,
			);
			defaultConfigurationIsVisible = 0;
			defaultConfigurationName = Release;
		};
/* End XCConfigurationList section */
	};
	rootObject = B3A9D22528CEDBC100386F2E /* Project object */;
}
